// !$*UTF8*$!
{
	archiveVersion = 1;
	classes = {
	};
	objectVersion = 56;
	objects = {

/* Begin PBXBuildFile section */
		1448EF3C2A773A8B009BAC7F /* AppDelegate.swift in Sources */ = {isa = PBXBuildFile; fileRef = 1448EF3B2A773A8B009BAC7F /* AppDelegate.swift */; };
		1448EF3E2A773A8B009BAC7F /* SceneDelegate.swift in Sources */ = {isa = PBXBuildFile; fileRef = 1448EF3D2A773A8B009BAC7F /* SceneDelegate.swift */; };
		1448EF402A773A8B009BAC7F /* AddViewController.swift in Sources */ = {isa = PBXBuildFile; fileRef = 1448EF3F2A773A8B009BAC7F /* AddViewController.swift */; };
		1448EF432A773A8B009BAC7F /* Main.storyboard in Resources */ = {isa = PBXBuildFile; fileRef = 1448EF412A773A8B009BAC7F /* Main.storyboard */; };
		1448EF452A773A8D009BAC7F /* Assets.xcassets in Resources */ = {isa = PBXBuildFile; fileRef = 1448EF442A773A8D009BAC7F /* Assets.xcassets */; };
		1448EF482A773A8D009BAC7F /* LaunchScreen.storyboard in Resources */ = {isa = PBXBuildFile; fileRef = 1448EF462A773A8D009BAC7F /* LaunchScreen.storyboard */; };
		1448EF502A773AEE009BAC7F /* DiaryTableViewController.swift in Sources */ = {isa = PBXBuildFile; fileRef = 1448EF4F2A773AEE009BAC7F /* DiaryTableViewController.swift */; };
		1448EF532A773BAC009BAC7F /* DiaryTableViewCell.swift in Sources */ = {isa = PBXBuildFile; fileRef = 1448EF512A773BAC009BAC7F /* DiaryTableViewCell.swift */; };
		1448EF542A773BAC009BAC7F /* DiaryTableViewCell.xib in Resources */ = {isa = PBXBuildFile; fileRef = 1448EF522A773BAC009BAC7F /* DiaryTableViewCell.xib */; };
		1448EF5A2A7752A2009BAC7F /* DetailViewController.swift in Sources */ = {isa = PBXBuildFile; fileRef = 1448EF592A7752A2009BAC7F /* DetailViewController.swift */; };
		1448EF5C2A77625E009BAC7F /* Extension+UIViewController.swift in Sources */ = {isa = PBXBuildFile; fileRef = 1448EF5B2A77625E009BAC7F /* Extension+UIViewController.swift */; };
		1448EF5E2A77796F009BAC7F /* SearchCollectionViewController.swift in Sources */ = {isa = PBXBuildFile; fileRef = 1448EF5D2A77796F009BAC7F /* SearchCollectionViewController.swift */; };
		1448EF612A777AE2009BAC7F /* SearchCollectionViewCell.swift in Sources */ = {isa = PBXBuildFile; fileRef = 1448EF5F2A777AE2009BAC7F /* SearchCollectionViewCell.swift */; };
		1448EF622A777AE2009BAC7F /* SearchCollectionViewCell.xib in Resources */ = {isa = PBXBuildFile; fileRef = 1448EF602A777AE2009BAC7F /* SearchCollectionViewCell.xib */; };
		1477D4772A7B72C80021D932 /* LottoViewController.swift in Sources */ = {isa = PBXBuildFile; fileRef = 1477D4762A7B72C80021D932 /* LottoViewController.swift */; };
		1484AEF32A79F2450047E174 /* TimeLineViewController.swift in Sources */ = {isa = PBXBuildFile; fileRef = 1484AEF22A79F2450047E174 /* TimeLineViewController.swift */; };
/* End PBXBuildFile section */

/* Begin PBXFileReference section */
		1448EF382A773A8B009BAC7F /* OneLineDiary.app */ = {isa = PBXFileReference; explicitFileType = wrapper.application; includeInIndex = 0; path = OneLineDiary.app; sourceTree = BUILT_PRODUCTS_DIR; };
		1448EF3B2A773A8B009BAC7F /* AppDelegate.swift */ = {isa = PBXFileReference; lastKnownFileType = sourcecode.swift; path = AppDelegate.swift; sourceTree = "<group>"; };
		1448EF3D2A773A8B009BAC7F /* SceneDelegate.swift */ = {isa = PBXFileReference; lastKnownFileType = sourcecode.swift; path = SceneDelegate.swift; sourceTree = "<group>"; };
		1448EF3F2A773A8B009BAC7F /* AddViewController.swift */ = {isa = PBXFileReference; lastKnownFileType = sourcecode.swift; path = AddViewController.swift; sourceTree = "<group>"; };
		1448EF422A773A8B009BAC7F /* Base */ = {isa = PBXFileReference; lastKnownFileType = file.storyboard; name = Base; path = Base.lproj/Main.storyboard; sourceTree = "<group>"; };
		1448EF442A773A8D009BAC7F /* Assets.xcassets */ = {isa = PBXFileReference; lastKnownFileType = folder.assetcatalog; path = Assets.xcassets; sourceTree = "<group>"; };
		1448EF472A773A8D009BAC7F /* Base */ = {isa = PBXFileReference; lastKnownFileType = file.storyboard; name = Base; path = Base.lproj/LaunchScreen.storyboard; sourceTree = "<group>"; };
		1448EF492A773A8D009BAC7F /* Info.plist */ = {isa = PBXFileReference; lastKnownFileType = text.plist.xml; path = Info.plist; sourceTree = "<group>"; };
		1448EF4F2A773AEE009BAC7F /* DiaryTableViewController.swift */ = {isa = PBXFileReference; lastKnownFileType = sourcecode.swift; path = DiaryTableViewController.swift; sourceTree = "<group>"; };
		1448EF512A773BAC009BAC7F /* DiaryTableViewCell.swift */ = {isa = PBXFileReference; lastKnownFileType = sourcecode.swift; path = DiaryTableViewCell.swift; sourceTree = "<group>"; };
		1448EF522A773BAC009BAC7F /* DiaryTableViewCell.xib */ = {isa = PBXFileReference; lastKnownFileType = file.xib; path = DiaryTableViewCell.xib; sourceTree = "<group>"; };
		1448EF592A7752A2009BAC7F /* DetailViewController.swift */ = {isa = PBXFileReference; lastKnownFileType = sourcecode.swift; path = DetailViewController.swift; sourceTree = "<group>"; };
		1448EF5B2A77625E009BAC7F /* Extension+UIViewController.swift */ = {isa = PBXFileReference; lastKnownFileType = sourcecode.swift; path = "Extension+UIViewController.swift"; sourceTree = "<group>"; };
		1448EF5D2A77796F009BAC7F /* SearchCollectionViewController.swift */ = {isa = PBXFileReference; lastKnownFileType = sourcecode.swift; path = SearchCollectionViewController.swift; sourceTree = "<group>"; };
		1448EF5F2A777AE2009BAC7F /* SearchCollectionViewCell.swift */ = {isa = PBXFileReference; lastKnownFileType = sourcecode.swift; path = SearchCollectionViewCell.swift; sourceTree = "<group>"; };
		1448EF602A777AE2009BAC7F /* SearchCollectionViewCell.xib */ = {isa = PBXFileReference; lastKnownFileType = file.xib; path = SearchCollectionViewCell.xib; sourceTree = "<group>"; };
		1477D4762A7B72C80021D932 /* LottoViewController.swift */ = {isa = PBXFileReference; lastKnownFileType = sourcecode.swift; path = LottoViewController.swift; sourceTree = "<group>"; };
		1484AEF22A79F2450047E174 /* TimeLineViewController.swift */ = {isa = PBXFileReference; lastKnownFileType = sourcecode.swift; path = TimeLineViewController.swift; sourceTree = "<group>"; };
/* End PBXFileReference section */

/* Begin PBXFrameworksBuildPhase section */
		1448EF352A773A8B009BAC7F /* Frameworks */ = {
			isa = PBXFrameworksBuildPhase;
			buildActionMask = 2147483647;
			files = (
			);
			runOnlyForDeploymentPostprocessing = 0;
		};
/* End PBXFrameworksBuildPhase section */

/* Begin PBXGroup section */
		1448EF2F2A773A8B009BAC7F = {
			isa = PBXGroup;
			children = (
				1448EF3A2A773A8B009BAC7F /* OneLineDiary */,
				1448EF392A773A8B009BAC7F /* Products */,
			);
			sourceTree = "<group>";
		};
		1448EF392A773A8B009BAC7F /* Products */ = {
			isa = PBXGroup;
			children = (
				1448EF382A773A8B009BAC7F /* OneLineDiary.app */,
			);
			name = Products;
			sourceTree = "<group>";
		};
		1448EF3A2A773A8B009BAC7F /* OneLineDiary */ = {
			isa = PBXGroup;
			children = (
				1448EF3B2A773A8B009BAC7F /* AppDelegate.swift */,
				1448EF3D2A773A8B009BAC7F /* SceneDelegate.swift */,
				1448EF5B2A77625E009BAC7F /* Extension+UIViewController.swift */,
				1448EF552A773BB5009BAC7F /* Model */,
				1448EF562A773BC3009BAC7F /* View */,
				1448EF572A773BCB009BAC7F /* Controller */,
				1448EF412A773A8B009BAC7F /* Main.storyboard */,
				1448EF462A773A8D009BAC7F /* LaunchScreen.storyboard */,
				1448EF492A773A8D009BAC7F /* Info.plist */,
			);
			path = OneLineDiary;
			sourceTree = "<group>";
		};
		1448EF552A773BB5009BAC7F /* Model */ = {
			isa = PBXGroup;
			children = (
			);
			path = Model;
			sourceTree = "<group>";
		};
		1448EF562A773BC3009BAC7F /* View */ = {
			isa = PBXGroup;
			children = (
			);
			path = View;
			sourceTree = "<group>";
		};
		1448EF572A773BCB009BAC7F /* Controller */ = {
			isa = PBXGroup;
			children = (
				1484AEF22A79F2450047E174 /* TimeLineViewController.swift */,
				1448EF3F2A773A8B009BAC7F /* AddViewController.swift */,
				1477D4762A7B72C80021D932 /* LottoViewController.swift */,
				14AF56A02A789824009A7D06 /* TableView */,
				14AF56A12A789835009A7D06 /* CollectionView */,
				1448EF442A773A8D009BAC7F /* Assets.xcassets */,
			);
			path = Controller;
			sourceTree = "<group>";
		};
		1448EF582A773BDD009BAC7F /* Cell */ = {
			isa = PBXGroup;
			children = (
				1448EF512A773BAC009BAC7F /* DiaryTableViewCell.swift */,
				1448EF522A773BAC009BAC7F /* DiaryTableViewCell.xib */,
			);
			path = Cell;
			sourceTree = "<group>";
		};
		14AF56A02A789824009A7D06 /* TableView */ = {
			isa = PBXGroup;
			children = (
				1448EF4F2A773AEE009BAC7F /* DiaryTableViewController.swift */,
				1448EF592A7752A2009BAC7F /* DetailViewController.swift */,
				1448EF582A773BDD009BAC7F /* Cell */,
			);
			path = TableView;
			sourceTree = "<group>";
		};
		14AF56A12A789835009A7D06 /* CollectionView */ = {
			isa = PBXGroup;
			children = (
				1448EF5D2A77796F009BAC7F /* SearchCollectionViewController.swift */,
				14AF56A22A789848009A7D06 /* Cell */,
			);
			path = CollectionView;
			sourceTree = "<group>";
		};
		14AF56A22A789848009A7D06 /* Cell */ = {
			isa = PBXGroup;
			children = (
				1448EF5F2A777AE2009BAC7F /* SearchCollectionViewCell.swift */,
				1448EF602A777AE2009BAC7F /* SearchCollectionViewCell.xib */,
			);
			path = Cell;
			sourceTree = "<group>";
		};
/* End PBXGroup section */

/* Begin PBXNativeTarget section */
		1448EF372A773A8B009BAC7F /* OneLineDiary */ = {
			isa = PBXNativeTarget;
			buildConfigurationList = 1448EF4C2A773A8D009BAC7F /* Build configuration list for PBXNativeTarget "OneLineDiary" */;
			buildPhases = (
				1448EF342A773A8B009BAC7F /* Sources */,
				1448EF352A773A8B009BAC7F /* Frameworks */,
				1448EF362A773A8B009BAC7F /* Resources */,
			);
			buildRules = (
			);
			dependencies = (
			);
			name = OneLineDiary;
			productName = OneLineDiary;
			productReference = 1448EF382A773A8B009BAC7F /* OneLineDiary.app */;
			productType = "com.apple.product-type.application";
		};
/* End PBXNativeTarget section */

/* Begin PBXProject section */
		1448EF302A773A8B009BAC7F /* Project object */ = {
			isa = PBXProject;
			attributes = {
				BuildIndependentTargetsInParallel = 1;
				LastSwiftUpdateCheck = 1430;
				LastUpgradeCheck = 1430;
				TargetAttributes = {
					1448EF372A773A8B009BAC7F = {
						CreatedOnToolsVersion = 14.3.1;
					};
				};
			};
			buildConfigurationList = 1448EF332A773A8B009BAC7F /* Build configuration list for PBXProject "OneLineDiary" */;
			compatibilityVersion = "Xcode 14.0";
			developmentRegion = en;
			hasScannedForEncodings = 0;
			knownRegions = (
				en,
				Base,
			);
			mainGroup = 1448EF2F2A773A8B009BAC7F;
			productRefGroup = 1448EF392A773A8B009BAC7F /* Products */;
			projectDirPath = "";
			projectRoot = "";
			targets = (
				1448EF372A773A8B009BAC7F /* OneLineDiary */,
			);
		};
/* End PBXProject section */

/* Begin PBXResourcesBuildPhase section */
		1448EF362A773A8B009BAC7F /* Resources */ = {
			isa = PBXResourcesBuildPhase;
			buildActionMask = 2147483647;
			files = (
				1448EF482A773A8D009BAC7F /* LaunchScreen.storyboard in Resources */,
				1448EF452A773A8D009BAC7F /* Assets.xcassets in Resources */,
				1448EF622A777AE2009BAC7F /* SearchCollectionViewCell.xib in Resources */,
				1448EF432A773A8B009BAC7F /* Main.storyboard in Resources */,
				1448EF542A773BAC009BAC7F /* DiaryTableViewCell.xib in Resources */,
			);
			runOnlyForDeploymentPostprocessing = 0;
		};
/* End PBXResourcesBuildPhase section */

/* Begin PBXSourcesBuildPhase section */
		1448EF342A773A8B009BAC7F /* Sources */ = {
			isa = PBXSourcesBuildPhase;
			buildActionMask = 2147483647;
			files = (
				1448EF5E2A77796F009BAC7F /* SearchCollectionViewController.swift in Sources */,
				1448EF402A773A8B009BAC7F /* AddViewController.swift in Sources */,
				1448EF5C2A77625E009BAC7F /* Extension+UIViewController.swift in Sources */,
				1484AEF32A79F2450047E174 /* TimeLineViewController.swift in Sources */,
				1448EF532A773BAC009BAC7F /* DiaryTableViewCell.swift in Sources */,
				1448EF502A773AEE009BAC7F /* DiaryTableViewController.swift in Sources */,
				1448EF5A2A7752A2009BAC7F /* DetailViewController.swift in Sources */,
				1448EF3C2A773A8B009BAC7F /* AppDelegate.swift in Sources */,
				1448EF3E2A773A8B009BAC7F /* SceneDelegate.swift in Sources */,
				1477D4772A7B72C80021D932 /* LottoViewController.swift in Sources */,
				1448EF612A777AE2009BAC7F /* SearchCollectionViewCell.swift in Sources */,
			);
			runOnlyForDeploymentPostprocessing = 0;
		};
/* End PBXSourcesBuildPhase section */

/* Begin PBXVariantGroup section */
		1448EF412A773A8B009BAC7F /* Main.storyboard */ = {
			isa = PBXVariantGroup;
			children = (
				1448EF422A773A8B009BAC7F /* Base */,
			);
			name = Main.storyboard;
			sourceTree = "<group>";
		};
		1448EF462A773A8D009BAC7F /* LaunchScreen.storyboard */ = {
			isa = PBXVariantGroup;
			children = (
				1448EF472A773A8D009BAC7F /* Base */,
			);
			name = LaunchScreen.storyboard;
			sourceTree = "<group>";
		};
/* End PBXVariantGroup section */

/* Begin XCBuildConfiguration section */
		1448EF4A2A773A8D009BAC7F /* Debug */ = {
			isa = XCBuildConfiguration;
			buildSettings = {
				ALWAYS_SEARCH_USER_PATHS = NO;
				CLANG_ANALYZER_NONNULL = YES;
				CLANG_ANALYZER_NUMBER_OBJECT_CONVERSION = YES_AGGRESSIVE;
				CLANG_CXX_LANGUAGE_STANDARD = "gnu++20";
				CLANG_ENABLE_MODULES = YES;
				CLANG_ENABLE_OBJC_ARC = YES;
				CLANG_ENABLE_OBJC_WEAK = YES;
				CLANG_WARN_BLOCK_CAPTURE_AUTORELEASING = YES;
				CLANG_WARN_BOOL_CONVERSION = YES;
				CLANG_WARN_COMMA = YES;
				CLANG_WARN_CONSTANT_CONVERSION = YES;
				CLANG_WARN_DEPRECATED_OBJC_IMPLEMENTATIONS = YES;
				CLANG_WARN_DIRECT_OBJC_ISA_USAGE = YES_ERROR;
				CLANG_WARN_DOCUMENTATION_COMMENTS = YES;
				CLANG_WARN_EMPTY_BODY = YES;
				CLANG_WARN_ENUM_CONVERSION = YES;
				CLANG_WARN_INFINITE_RECURSION = YES;
				CLANG_WARN_INT_CONVERSION = YES;
				CLANG_WARN_NON_LITERAL_NULL_CONVERSION = YES;
				CLANG_WARN_OBJC_IMPLICIT_RETAIN_SELF = YES;
				CLANG_WARN_OBJC_LITERAL_CONVERSION = YES;
				CLANG_WARN_OBJC_ROOT_CLASS = YES_ERROR;
				CLANG_WARN_QUOTED_INCLUDE_IN_FRAMEWORK_HEADER = YES;
				CLANG_WARN_RANGE_LOOP_ANALYSIS = YES;
				CLANG_WARN_STRICT_PROTOTYPES = YES;
				CLANG_WARN_SUSPICIOUS_MOVE = YES;
				CLANG_WARN_UNGUARDED_AVAILABILITY = YES_AGGRESSIVE;
				CLANG_WARN_UNREACHABLE_CODE = YES;
				CLANG_WARN__DUPLICATE_METHOD_MATCH = YES;
				COPY_PHASE_STRIP = NO;
				DEBUG_INFORMATION_FORMAT = dwarf;
				ENABLE_STRICT_OBJC_MSGSEND = YES;
				ENABLE_TESTABILITY = YES;
				GCC_C_LANGUAGE_STANDARD = gnu11;
				GCC_DYNAMIC_NO_PIC = NO;
				GCC_NO_COMMON_BLOCKS = YES;
				GCC_OPTIMIZATION_LEVEL = 0;
				GCC_PREPROCESSOR_DEFINITIONS = (
					"DEBUG=1",
					"$(inherited)",
				);
				GCC_WARN_64_TO_32_BIT_CONVERSION = YES;
				GCC_WARN_ABOUT_RETURN_TYPE = YES_ERROR;
				GCC_WARN_UNDECLARED_SELECTOR = YES;
				GCC_WARN_UNINITIALIZED_AUTOS = YES_AGGRESSIVE;
				GCC_WARN_UNUSED_FUNCTION = YES;
				GCC_WARN_UNUSED_VARIABLE = YES;
				IPHONEOS_DEPLOYMENT_TARGET = 16.4;
				MTL_ENABLE_DEBUG_INFO = INCLUDE_SOURCE;
				MTL_FAST_MATH = YES;
				ONLY_ACTIVE_ARCH = YES;
				SDKROOT = iphoneos;
				SWIFT_ACTIVE_COMPILATION_CONDITIONS = DEBUG;
				SWIFT_OPTIMIZATION_LEVEL = "-Onone";
			};
			name = Debug;
		};
		1448EF4B2A773A8D009BAC7F /* Release */ = {
			isa = XCBuildConfiguration;
			buildSettings = {
				ALWAYS_SEARCH_USER_PATHS = NO;
				CLANG_ANALYZER_NONNULL = YES;
				CLANG_ANALYZER_NUMBER_OBJECT_CONVERSION = YES_AGGRESSIVE;
				CLANG_CXX_LANGUAGE_STANDARD = "gnu++20";
				CLANG_ENABLE_MODULES = YES;
				CLANG_ENABLE_OBJC_ARC = YES;
				CLANG_ENABLE_OBJC_WEAK = YES;
				CLANG_WARN_BLOCK_CAPTURE_AUTORELEASING = YES;
				CLANG_WARN_BOOL_CONVERSION = YES;
				CLANG_WARN_COMMA = YES;
				CLANG_WARN_CONSTANT_CONVERSION = YES;
				CLANG_WARN_DEPRECATED_OBJC_IMPLEMENTATIONS = YES;
				CLANG_WARN_DIRECT_OBJC_ISA_USAGE = YES_ERROR;
				CLANG_WARN_DOCUMENTATION_COMMENTS = YES;
				CLANG_WARN_EMPTY_BODY = YES;
				CLANG_WARN_ENUM_CONVERSION = YES;
				CLANG_WARN_INFINITE_RECURSION = YES;
				CLANG_WARN_INT_CONVERSION = YES;
				CLANG_WARN_NON_LITERAL_NULL_CONVERSION = YES;
				CLANG_WARN_OBJC_IMPLICIT_RETAIN_SELF = YES;
				CLANG_WARN_OBJC_LITERAL_CONVERSION = YES;
				CLANG_WARN_OBJC_ROOT_CLASS = YES_ERROR;
				CLANG_WARN_QUOTED_INCLUDE_IN_FRAMEWORK_HEADER = YES;
				CLANG_WARN_RANGE_LOOP_ANALYSIS = YES;
				CLANG_WARN_STRICT_PROTOTYPES = YES;
				CLANG_WARN_SUSPICIOUS_MOVE = YES;
				CLANG_WARN_UNGUARDED_AVAILABILITY = YES_AGGRESSIVE;
				CLANG_WARN_UNREACHABLE_CODE = YES;
				CLANG_WARN__DUPLICATE_METHOD_MATCH = YES;
				COPY_PHASE_STRIP = NO;
				DEBUG_INFORMATION_FORMAT = "dwarf-with-dsym";
				ENABLE_NS_ASSERTIONS = NO;
				ENABLE_STRICT_OBJC_MSGSEND = YES;
				GCC_C_LANGUAGE_STANDARD = gnu11;
				GCC_NO_COMMON_BLOCKS = YES;
				GCC_WARN_64_TO_32_BIT_CONVERSION = YES;
				GCC_WARN_ABOUT_RETURN_TYPE = YES_ERROR;
				GCC_WARN_UNDECLARED_SELECTOR = YES;
				GCC_WARN_UNINITIALIZED_AUTOS = YES_AGGRESSIVE;
				GCC_WARN_UNUSED_FUNCTION = YES;
				GCC_WARN_UNUSED_VARIABLE = YES;
				IPHONEOS_DEPLOYMENT_TARGET = 16.4;
				MTL_ENABLE_DEBUG_INFO = NO;
				MTL_FAST_MATH = YES;
				SDKROOT = iphoneos;
				SWIFT_COMPILATION_MODE = wholemodule;
				SWIFT_OPTIMIZATION_LEVEL = "-O";
				VALIDATE_PRODUCT = YES;
			};
			name = Release;
		};
		1448EF4D2A773A8D009BAC7F /* Debug */ = {
			isa = XCBuildConfiguration;
			buildSettings = {
				ASSETCATALOG_COMPILER_APPICON_NAME = AppIcon;
				ASSETCATALOG_COMPILER_GLOBAL_ACCENT_COLOR_NAME = AccentColor;
				CODE_SIGN_STYLE = Automatic;
				CURRENT_PROJECT_VERSION = 1;
				DEVELOPMENT_TEAM = DD66GTY4AT;
				GENERATE_INFOPLIST_FILE = YES;
				INFOPLIST_FILE = OneLineDiary/Info.plist;
				INFOPLIST_KEY_UIApplicationSupportsIndirectInputEvents = YES;
				INFOPLIST_KEY_UILaunchStoryboardName = LaunchScreen;
				INFOPLIST_KEY_UIMainStoryboardFile = Main;
				INFOPLIST_KEY_UISupportedInterfaceOrientations_iPad = "UIInterfaceOrientationPortrait UIInterfaceOrientationPortraitUpsideDown UIInterfaceOrientationLandscapeLeft UIInterfaceOrientationLandscapeRight";
				INFOPLIST_KEY_UISupportedInterfaceOrientations_iPhone = "UIInterfaceOrientationPortrait UIInterfaceOrientationLandscapeLeft UIInterfaceOrientationLandscapeRight";
				LD_RUNPATH_SEARCH_PATHS = (
					"$(inherited)",
					"@executable_path/Frameworks",
				);
				MARKETING_VERSION = 1.0;
				PRODUCT_BUNDLE_IDENTIFIER = com.raehoon.OneLineDiary;
				PRODUCT_NAME = "$(TARGET_NAME)";
				SWIFT_EMIT_LOC_STRINGS = YES;
				SWIFT_VERSION = 5.0;
				TARGETED_DEVICE_FAMILY = "1,2";
			};
			name = Debug;
		};
		1448EF4E2A773A8D009BAC7F /* Release */ = {
			isa = XCBuildConfiguration;
			buildSettings = {
				ASSETCATALOG_COMPILER_APPICON_NAME = AppIcon;
				ASSETCATALOG_COMPILER_GLOBAL_ACCENT_COLOR_NAME = AccentColor;
				CODE_SIGN_STYLE = Automatic;
				CURRENT_PROJECT_VERSION = 1;
				DEVELOPMENT_TEAM = DD66GTY4AT;
				GENERATE_INFOPLIST_FILE = YES;
				INFOPLIST_FILE = OneLineDiary/Info.plist;
				INFOPLIST_KEY_UIApplicationSupportsIndirectInputEvents = YES;
				INFOPLIST_KEY_UILaunchStoryboardName = LaunchScreen;
				INFOPLIST_KEY_UIMainStoryboardFile = Main;
				INFOPLIST_KEY_UISupportedInterfaceOrientations_iPad = "UIInterfaceOrientationPortrait UIInterfaceOrientationPortraitUpsideDown UIInterfaceOrientationLandscapeLeft UIInterfaceOrientationLandscapeRight";
				INFOPLIST_KEY_UISupportedInterfaceOrientations_iPhone = "UIInterfaceOrientationPortrait UIInterfaceOrientationLandscapeLeft UIInterfaceOrientationLandscapeRight";
				LD_RUNPATH_SEARCH_PATHS = (
					"$(inherited)",
					"@executable_path/Frameworks",
				);
				MARKETING_VERSION = 1.0;
				PRODUCT_BUNDLE_IDENTIFIER = com.raehoon.OneLineDiary;
				PRODUCT_NAME = "$(TARGET_NAME)";
				SWIFT_EMIT_LOC_STRINGS = YES;
				SWIFT_VERSION = 5.0;
				TARGETED_DEVICE_FAMILY = "1,2";
			};
			name = Release;
		};
/* End XCBuildConfiguration section */

/* Begin XCConfigurationList section */
		1448EF332A773A8B009BAC7F /* Build configuration list for PBXProject "OneLineDiary" */ = {
			isa = XCConfigurationList;
			buildConfigurations = (
				1448EF4A2A773A8D009BAC7F /* Debug */,
				1448EF4B2A773A8D009BAC7F /* Release */,
			);
			defaultConfigurationIsVisible = 0;
			defaultConfigurationName = Release;
		};
		1448EF4C2A773A8D009BAC7F /* Build configuration list for PBXNativeTarget "OneLineDiary" */ = {
			isa = XCConfigurationList;
			buildConfigurations = (
				1448EF4D2A773A8D009BAC7F /* Debug */,
				1448EF4E2A773A8D009BAC7F /* Release */,
			);
			defaultConfigurationIsVisible = 0;
			defaultConfigurationName = Release;
		};
/* End XCConfigurationList section */
	};
	rootObject = 1448EF302A773A8B009BAC7F /* Project object */;
}
